
Microsoft Visual Studio Solution File, Format Version 12.00
# Visual Studio Version 17
VisualStudioVersion = 17.14.37111.16
MinimumVisualStudioVersion = 10.0.40219.1
Project("{8BC9CEB8-8B4A-11D0-8D11-00A0C91BC942}") = "solution1", "solution1.vcxproj", "{4D6191E1-74CF-459B-9416-A67A48849990}"
EndProject
Project("{8BC9CEB8-8B4A-11D0-8D11-00A0C91BC942}") = "part_6_2", "part_6_2\part_6_2.vcxproj", "{4001026A-2AC8-4F2B-A4AB-62746C83CBCA}"
EndProject
Project("{8BC9CEB8-8B4A-11D0-8D11-00A0C91BC942}") = "part7", "..\study\part7\part7.vcxproj", "{3C07BE49-4905-42C6-9B3D-94B2AC50AC73}"
EndProject
Project("{8BC9CEB8-8B4A-11D0-8D11-00A0C91BC942}") = "part8", "part8\part8.vcxproj", "{9F3BB1E8-9660-4A9E-B257-DA9675322599}"
EndProject
Global
	GlobalSection(SolutionConfigurationPlatforms) = preSolution
		Debug|x64 = Debug|x64
		Debug|x86 = Debug|x86
		Release|x64 = Release|x64
		Release|x86 = Release|x86
	EndGlobalSection
	GlobalSection(ProjectConfigurationPlatforms) = postSolution
		{4D6191E1-74CF-459B-9416-A67A48849990}.Debug|x64.ActiveCfg = Debug|x64
		{4D6191E1-74CF-459B-9416-A67A48849990}.Debug|x64.Build.0 = Debug|x64
		{4D6191E1-74CF-459B-9416-A67A48849990}.Debug|x86.ActiveCfg = Debug|Win32
		{4D6191E1-74CF-459B-9416-A67A48849990}.Debug|x86.Build.0 = Debug|Win32
		{4D6191E1-74CF-459B-9416-A67A48849990}.Release|x64.ActiveCfg = Release|x64
		{4D6191E1-74CF-459B-9416-A67A48849990}.Release|x64.Build.0 = Release|x64
		{4D6191E1-74CF-459B-9416-A67A48849990}.Release|x86.ActiveCfg = Release|Win32
		{4D6191E1-74CF-459B-9416-A67A48849990}.Release|x86.Build.0 = Release|Win32
		{4001026A-2AC8-4F2B-A4AB-62746C83CBCA}.Debug|x64.ActiveCfg = Debug|x64
		{4001026A-2AC8-4F2B-A4AB-62746C83CBCA}.Debug|x64.Build.0 = Debug|x64
		{4001026A-2AC8-4F2B-A4AB-62746C83CBCA}.Debug|x86.ActiveCfg = Debug|Win32
		{4001026A-2AC8-4F2B-A4AB-62746C83CBCA}.Debug|x86.Build.0 = Debug|Win32
		{4001026A-2AC8-4F2B-A4AB-62746C83CBCA}.Release|x64.ActiveCfg = Release|x64
		{4001026A-2AC8-4F2B-A4AB-62746C83CBCA}.Release|x64.Build.0 = Release|x64
		{4001026A-2AC8-4F2B-A4AB-62746C83CBCA}.Release|x86.ActiveCfg = Release|Win32
		{4001026A-2AC8-4F2B-A4AB-62746C83CBCA}.Release|x86.Build.0 = Release|Win32
		{3C07BE49-4905-42C6-9B3D-94B2AC50AC73}.Debug|x64.ActiveCfg = Debug|x64
		{3C07BE49-4905-42C6-9B3D-94B2AC50AC73}.Debug|x64.Build.0 = Debug|x64
		{3C07BE49-4905-42C6-9B3D-94B2AC50AC73}.Debug|x86.ActiveCfg = Debug|Win32
		{3C07BE49-4905-42C6-9B3D-94B2AC50AC73}.Debug|x86.Build.0 = Debug|Win32
		{3C07BE49-4905-42C6-9B3D-94B2AC50AC73}.Release|x64.ActiveCfg = Release|x64
		{3C07BE49-4905-42C6-9B3D-94B2AC50AC73}.Release|x64.Build.0 = Release|x64
		{3C07BE49-4905-42C6-9B3D-94B2AC50AC73}.Release|x86.ActiveCfg = Release|Win32
		{3C07BE49-4905-42C6-9B3D-94B2AC50AC73}.Release|x86.Build.0 = Release|Win32
		{9F3BB1E8-9660-4A9E-B257-DA9675322599}.Debug|x64.ActiveCfg = Debug|x64
		{9F3BB1E8-9660-4A9E-B257-DA9675322599}.Debug|x64.Build.0 = Debug|x64
		{9F3BB1E8-9660-4A9E-B257-DA9675322599}.Debug|x86.ActiveCfg = Debug|Win32
		{9F3BB1E8-9660-4A9E-B257-DA9675322599}.Debug|x86.Build.0 = Debug|Win32
		{9F3BB1E8-9660-4A9E-B257-DA9675322599}.Release|x64.ActiveCfg = Release|x64
		{9F3BB1E8-9660-4A9E-B257-DA9675322599}.Release|x64.Build.0 = Release|x64
		{9F3BB1E8-9660-4A9E-B257-DA9675322599}.Release|x86.ActiveCfg = Release|Win32
		{9F3BB1E8-9660-4A9E-B257-DA9675322599}.Release|x86.Build.0 = Release|Win32
	EndGlobalSection
	GlobalSection(SolutionProperties) = preSolution
		HideSolutionNode = FALSE
	EndGlobalSection
	GlobalSection(ExtensibilityGlobals) = postSolution
		SolutionGuid = {E6A24845-1BCF-4090-A8FA-440D61FED8EC}
	EndGlobalSection
EndGlobal
